
Microsoft Visual Studio Solution File, Format Version 12.00
# Visual Studio Version 17
VisualStudioVersion = 17.0.32014.148
MinimumVisualStudioVersion = 10.0.40219.1
Project("{FAE04EC0-301F-11D3-BF4B-00C04F79EFBC}") = "InterfacesLesson_1", "InterfacesLesson_1\InterfacesLesson_1.csproj", "{D655B5E7-B3E0-4871-8155-2F62553259A6}"
EndProject
Global
	GlobalSection(SolutionConfigurationPlatforms) = preSolution
		Debug|Any CPU = Debug|Any CPU
		Release|Any CPU = Release|Any CPU
	EndGlobalSection
	GlobalSection(ProjectConfigurationPlatforms) = postSolution
		{D655B5E7-B3E0-4871-8155-2F62553259A6}.Debug|Any CPU.ActiveCfg = Debug|Any CPU
		{D655B5E7-B3E0-4871-8155-2F62553259A6}.Debug|Any CPU.Build.0 = Debug|Any CPU
		{D655B5E7-B3E0-4871-8155-2F62553259A6}.Release|Any CPU.ActiveCfg = Release|Any CPU
		{D655B5E7-B3E0-4871-8155-2F62553259A6}.Release|Any CPU.Build.0 = Release|Any CPU
	EndGlobalSection
	GlobalSection(SolutionProperties) = preSolution
		HideSolutionNode = FALSE
	EndGlobalSection
	GlobalSection(ExtensibilityGlobals) = postSolution
		SolutionGuid = {3F9625F8-E1B0-436B-891E-A3EA339D0867}
	EndGlobalSection
EndGlobal
